
Microsoft Visual Studio Solution File, Format Version 12.00
# Visual Studio 15
VisualStudioVersion = 15.0.27428.2037
MinimumVisualStudioVersion = 10.0.40219.1
Project("{8BC9CEB8-8B4A-11D0-8D11-00A0C91BC942}") = "0.0", "0.0\0.0.vcxproj", "{6365B027-663F-4A55-84FB-EF02CC8B4122}"
EndProject
Project("{8BC9CEB8-8B4A-11D0-8D11-00A0C91BC942}") = "0.1", "0.1\0.1.vcxproj", "{FB2BCB4D-FEFC-4FE8-BA30-87FD0753075A}"
EndProject
Project("{8BC9CEB8-8B4A-11D0-8D11-00A0C91BC942}") = "1.36", "1.36\1.36.vcxproj", "{5D3B5D54-E0FD-48D9-AD77-A39AECD711D6}"
EndProject
Project("{2150E333-8FDC-42A3-9474-1A3956D46DE8}") = "Data Structures", "Data Structures", "{AD6C9A7E-7C25-427C-A475-09CEDE1D1774}"
	ProjectSection(SolutionItems) = preProject
		Data Structures\BinarySearchTree.h = Data Structures\BinarySearchTree.h
	EndProjectSection
EndProject
Project("{2150E333-8FDC-42A3-9474-1A3956D46DE8}") = "Algorithms", "Algorithms", "{9250BB35-1A8D-413A-8C28-187D106D80F4}"
EndProject
Project("{8BC9CEB8-8B4A-11D0-8D11-00A0C91BC942}") = "0.2", "0.2\0.2.vcxproj", "{E03681D8-1172-486D-9E04-36447E3E70F0}"
EndProject
Project("{8BC9CEB8-8B4A-11D0-8D11-00A0C91BC942}") = "Randomizer", "Randomizer\Randomizer.vcxproj", "{8735E5F2-A132-4A16-A036-B05FC6076F84}"
EndProject
Project("{8BC9CEB8-8B4A-11D0-8D11-00A0C91BC942}") = "2.12 (Binary sequences)", "2.12 (Binary sequences)\2.12 (Binary sequences).vcxproj", "{B27691DF-1FDE-44DE-80FF-1573855DBDB2}"
EndProject
Project("{8BC9CEB8-8B4A-11D0-8D11-00A0C91BC942}") = "2.13. (Hanoi-like)", "2.13. (Hanoi-like)\2.13. (Hanoi-like).vcxproj", "{FD11AE03-1288-4D3F-B8A6-3E41996C2155}"
EndProject
Project("{8BC9CEB8-8B4A-11D0-8D11-00A0C91BC942}") = "2.69", "2.69\2.69.vcxproj", "{11C3AE06-AB5D-4208-9D7C-98E33A88A8F2}"
EndProject
Project("{2150E333-8FDC-42A3-9474-1A3956D46DE8}") = "General", "General", "{9ECB017F-13DE-4C0D-A321-B0D5D4864F10}"
EndProject
Project("{2150E333-8FDC-42A3-9474-1A3956D46DE8}") = "BST", "BST", "{212080D7-8794-4E43-9CCD-E8307174CDBB}"
EndProject
Project("{2150E333-8FDC-42A3-9474-1A3956D46DE8}") = "Recurrent", "Recurrent", "{2FE594A4-42BE-4D3B-873D-3AC25C0971A0}"
EndProject
Project("{2150E333-8FDC-42A3-9474-1A3956D46DE8}") = "Graph", "Graph", "{19B3784A-E783-4057-9463-CA0EF9BD45B2}"
EndProject
Project("{8BC9CEB8-8B4A-11D0-8D11-00A0C91BC942}") = "MatrixMult", "MatrixMult\MatrixMult.vcxproj", "{7A269901-BDBD-47D1-B6F8-219BF6657DAB}"
EndProject
Project("{2150E333-8FDC-42A3-9474-1A3956D46DE8}") = "General", "General", "{A1867B58-C3C5-4DED-8666-78443D2F9812}"
EndProject
Project("{8BC9CEB8-8B4A-11D0-8D11-00A0C91BC942}") = "Heap", "Heap\Heap.vcxproj", "{BBE0CE01-D5C1-436F-9C0C-6BC611D475C0}"
EndProject
Project("{8BC9CEB8-8B4A-11D0-8D11-00A0C91BC942}") = "BinomialHeap", "BinomialHeap\BinomialHeap.vcxproj", "{C48BAFA3-4707-4541-9135-614FB9AD4B84}"
EndProject
Project("{8BC9CEB8-8B4A-11D0-8D11-00A0C91BC942}") = "BuildAdjacencyMatrix", "BuildAdjacencyMatrix\BuildAdjacencyMatrix.vcxproj", "{FCD16638-6559-4E1D-B873-39FE1E3B3F9F}"
EndProject
Project("{8BC9CEB8-8B4A-11D0-8D11-00A0C91BC942}") = "BuildAdjacencyList", "BuildAdjacencyList\BuildAdjacencyList.vcxproj", "{A8118832-679A-40A0-8C55-CFBADE820705}"
EndProject
Project("{8BC9CEB8-8B4A-11D0-8D11-00A0C91BC942}") = "CanonicalOrTree", "CanonicalOrTree\CanonicalOrTree.vcxproj", "{4E82998E-DC80-4210-95AD-D1FC6F1DCF48}"
EndProject
Project("{8BC9CEB8-8B4A-11D0-8D11-00A0C91BC942}") = "CanonicalOrTreeFromAdjacencyMatrix", "CanonicalOrTreeFromAdjacencyMatrix\CanonicalOrTreeFromAdjacencyMatrix.vcxproj", "{61CBC30D-5E91-4E61-9FD7-B44A794EFC86}"
EndProject
Project("{2150E333-8FDC-42A3-9474-1A3956D46DE8}") = "General", "General", "{9C5CB074-17AD-4361-8577-520CDCD9C922}"
EndProject
Project("{2150E333-8FDC-42A3-9474-1A3956D46DE8}") = "General", "General", "{620B1B61-0BD3-462F-98CE-206F9F81460E}"
EndProject
Project("{2150E333-8FDC-42A3-9474-1A3956D46DE8}") = "General", "General", "{9FCDC85A-DB25-42C8-8451-4A068D631286}"
EndProject
Project("{8BC9CEB8-8B4A-11D0-8D11-00A0C91BC942}") = "BFS", "BFS\BFS.vcxproj", "{76A889D9-B6BE-45AF-B1DC-4823DA12ABCB}"
EndProject
Project("{8BC9CEB8-8B4A-11D0-8D11-00A0C91BC942}") = "DFS", "DFS\DFS.vcxproj", "{9AEBDE62-160C-4610-897D-C15B34981530}"
EndProject
Project("{8BC9CEB8-8B4A-11D0-8D11-00A0C91BC942}") = "HashTable", "HashTable\HashTable.vcxproj", "{43C5C3CF-0C43-43F6-A1E8-315AF5EF2652}"
EndProject
Project("{8BC9CEB8-8B4A-11D0-8D11-00A0C91BC942}") = "Dijkstra", "Dijkstra\Dijkstra.vcxproj", "{A1FE2C12-37AD-4F0A-8A69-7C8D84A2AD74}"
EndProject
Global
	GlobalSection(SolutionConfigurationPlatforms) = preSolution
		Debug|x64 = Debug|x64
		Debug|x86 = Debug|x86
		Release|x64 = Release|x64
		Release|x86 = Release|x86
	EndGlobalSection
	GlobalSection(ProjectConfigurationPlatforms) = postSolution
		{6365B027-663F-4A55-84FB-EF02CC8B4122}.Debug|x64.ActiveCfg = Debug|x64
		{6365B027-663F-4A55-84FB-EF02CC8B4122}.Debug|x64.Build.0 = Debug|x64
		{6365B027-663F-4A55-84FB-EF02CC8B4122}.Debug|x86.ActiveCfg = Debug|x64
		{6365B027-663F-4A55-84FB-EF02CC8B4122}.Debug|x86.Build.0 = Debug|x64
		{6365B027-663F-4A55-84FB-EF02CC8B4122}.Release|x64.ActiveCfg = Release|x64
		{6365B027-663F-4A55-84FB-EF02CC8B4122}.Release|x64.Build.0 = Release|x64
		{6365B027-663F-4A55-84FB-EF02CC8B4122}.Release|x86.ActiveCfg = Release|Win32
		{6365B027-663F-4A55-84FB-EF02CC8B4122}.Release|x86.Build.0 = Release|Win32
		{FB2BCB4D-FEFC-4FE8-BA30-87FD0753075A}.Debug|x64.ActiveCfg = Debug|x64
		{FB2BCB4D-FEFC-4FE8-BA30-87FD0753075A}.Debug|x64.Build.0 = Debug|x64
		{FB2BCB4D-FEFC-4FE8-BA30-87FD0753075A}.Debug|x86.ActiveCfg = Debug|x64
		{FB2BCB4D-FEFC-4FE8-BA30-87FD0753075A}.Debug|x86.Build.0 = Debug|x64
		{FB2BCB4D-FEFC-4FE8-BA30-87FD0753075A}.Release|x64.ActiveCfg = Release|x64
		{FB2BCB4D-FEFC-4FE8-BA30-87FD0753075A}.Release|x64.Build.0 = Release|x64
		{FB2BCB4D-FEFC-4FE8-BA30-87FD0753075A}.Release|x86.ActiveCfg = Release|Win32
		{FB2BCB4D-FEFC-4FE8-BA30-87FD0753075A}.Release|x86.Build.0 = Release|Win32
		{5D3B5D54-E0FD-48D9-AD77-A39AECD711D6}.Debug|x64.ActiveCfg = Debug|x64
		{5D3B5D54-E0FD-48D9-AD77-A39AECD711D6}.Debug|x64.Build.0 = Debug|x64
		{5D3B5D54-E0FD-48D9-AD77-A39AECD711D6}.Debug|x86.ActiveCfg = Debug|x64
		{5D3B5D54-E0FD-48D9-AD77-A39AECD711D6}.Debug|x86.Build.0 = Debug|x64
		{5D3B5D54-E0FD-48D9-AD77-A39AECD711D6}.Release|x64.ActiveCfg = Release|x64
		{5D3B5D54-E0FD-48D9-AD77-A39AECD711D6}.Release|x64.Build.0 = Release|x64
		{5D3B5D54-E0FD-48D9-AD77-A39AECD711D6}.Release|x86.ActiveCfg = Release|Win32
		{5D3B5D54-E0FD-48D9-AD77-A39AECD711D6}.Release|x86.Build.0 = Release|Win32
		{E03681D8-1172-486D-9E04-36447E3E70F0}.Debug|x64.ActiveCfg = Debug|x64
		{E03681D8-1172-486D-9E04-36447E3E70F0}.Debug|x64.Build.0 = Debug|x64
		{E03681D8-1172-486D-9E04-36447E3E70F0}.Debug|x86.ActiveCfg = Debug|Win32
		{E03681D8-1172-486D-9E04-36447E3E70F0}.Debug|x86.Build.0 = Debug|Win32
		{E03681D8-1172-486D-9E04-36447E3E70F0}.Release|x64.ActiveCfg = Release|x64
		{E03681D8-1172-486D-9E04-36447E3E70F0}.Release|x64.Build.0 = Release|x64
		{E03681D8-1172-486D-9E04-36447E3E70F0}.Release|x86.ActiveCfg = Release|Win32
		{E03681D8-1172-486D-9E04-36447E3E70F0}.Release|x86.Build.0 = Release|Win32
		{8735E5F2-A132-4A16-A036-B05FC6076F84}.Debug|x64.ActiveCfg = Debug|x64
		{8735E5F2-A132-4A16-A036-B05FC6076F84}.Debug|x64.Build.0 = Debug|x64
		{8735E5F2-A132-4A16-A036-B05FC6076F84}.Debug|x86.ActiveCfg = Debug|Win32
		{8735E5F2-A132-4A16-A036-B05FC6076F84}.Debug|x86.Build.0 = Debug|Win32
		{8735E5F2-A132-4A16-A036-B05FC6076F84}.Release|x64.ActiveCfg = Release|x64
		{8735E5F2-A132-4A16-A036-B05FC6076F84}.Release|x64.Build.0 = Release|x64
		{8735E5F2-A132-4A16-A036-B05FC6076F84}.Release|x86.ActiveCfg = Release|Win32
		{8735E5F2-A132-4A16-A036-B05FC6076F84}.Release|x86.Build.0 = Release|Win32
		{B27691DF-1FDE-44DE-80FF-1573855DBDB2}.Debug|x64.ActiveCfg = Debug|x64
		{B27691DF-1FDE-44DE-80FF-1573855DBDB2}.Debug|x64.Build.0 = Debug|x64
		{B27691DF-1FDE-44DE-80FF-1573855DBDB2}.Debug|x86.ActiveCfg = Debug|Win32
		{B27691DF-1FDE-44DE-80FF-1573855DBDB2}.Debug|x86.Build.0 = Debug|Win32
		{B27691DF-1FDE-44DE-80FF-1573855DBDB2}.Release|x64.ActiveCfg = Release|x64
		{B27691DF-1FDE-44DE-80FF-1573855DBDB2}.Release|x64.Build.0 = Release|x64
		{B27691DF-1FDE-44DE-80FF-1573855DBDB2}.Release|x86.ActiveCfg = Release|Win32
		{B27691DF-1FDE-44DE-80FF-1573855DBDB2}.Release|x86.Build.0 = Release|Win32
		{FD11AE03-1288-4D3F-B8A6-3E41996C2155}.Debug|x64.ActiveCfg = Debug|x64
		{FD11AE03-1288-4D3F-B8A6-3E41996C2155}.Debug|x64.Build.0 = Debug|x64
		{FD11AE03-1288-4D3F-B8A6-3E41996C2155}.Debug|x86.ActiveCfg = Debug|Win32
		{FD11AE03-1288-4D3F-B8A6-3E41996C2155}.Debug|x86.Build.0 = Debug|Win32
		{FD11AE03-1288-4D3F-B8A6-3E41996C2155}.Release|x64.ActiveCfg = Release|x64
		{FD11AE03-1288-4D3F-B8A6-3E41996C2155}.Release|x64.Build.0 = Release|x64
		{FD11AE03-1288-4D3F-B8A6-3E41996C2155}.Release|x86.ActiveCfg = Release|Win32
		{FD11AE03-1288-4D3F-B8A6-3E41996C2155}.Release|x86.Build.0 = Release|Win32
		{11C3AE06-AB5D-4208-9D7C-98E33A88A8F2}.Debug|x64.ActiveCfg = Debug|x64
		{11C3AE06-AB5D-4208-9D7C-98E33A88A8F2}.Debug|x64.Build.0 = Debug|x64
		{11C3AE06-AB5D-4208-9D7C-98E33A88A8F2}.Debug|x86.ActiveCfg = Debug|Win32
		{11C3AE06-AB5D-4208-9D7C-98E33A88A8F2}.Debug|x86.Build.0 = Debug|Win32
		{11C3AE06-AB5D-4208-9D7C-98E33A88A8F2}.Release|x64.ActiveCfg = Release|x64
		{11C3AE06-AB5D-4208-9D7C-98E33A88A8F2}.Release|x64.Build.0 = Release|x64
		{11C3AE06-AB5D-4208-9D7C-98E33A88A8F2}.Release|x86.ActiveCfg = Release|Win32
		{11C3AE06-AB5D-4208-9D7C-98E33A88A8F2}.Release|x86.Build.0 = Release|Win32
		{7A269901-BDBD-47D1-B6F8-219BF6657DAB}.Debug|x64.ActiveCfg = Debug|x64
		{7A269901-BDBD-47D1-B6F8-219BF6657DAB}.Debug|x64.Build.0 = Debug|x64
		{7A269901-BDBD-47D1-B6F8-219BF6657DAB}.Debug|x86.ActiveCfg = Debug|Win32
		{7A269901-BDBD-47D1-B6F8-219BF6657DAB}.Debug|x86.Build.0 = Debug|Win32
		{7A269901-BDBD-47D1-B6F8-219BF6657DAB}.Release|x64.ActiveCfg = Release|x64
		{7A269901-BDBD-47D1-B6F8-219BF6657DAB}.Release|x64.Build.0 = Release|x64
		{7A269901-BDBD-47D1-B6F8-219BF6657DAB}.Release|x86.ActiveCfg = Release|Win32
		{7A269901-BDBD-47D1-B6F8-219BF6657DAB}.Release|x86.Build.0 = Release|Win32
		{BBE0CE01-D5C1-436F-9C0C-6BC611D475C0}.Debug|x64.ActiveCfg = Debug|x64
		{BBE0CE01-D5C1-436F-9C0C-6BC611D475C0}.Debug|x64.Build.0 = Debug|x64
		{BBE0CE01-D5C1-436F-9C0C-6BC611D475C0}.Debug|x86.ActiveCfg = Debug|Win32
		{BBE0CE01-D5C1-436F-9C0C-6BC611D475C0}.Debug|x86.Build.0 = Debug|Win32
		{BBE0CE01-D5C1-436F-9C0C-6BC611D475C0}.Release|x64.ActiveCfg = Release|x64
		{BBE0CE01-D5C1-436F-9C0C-6BC611D475C0}.Release|x64.Build.0 = Release|x64
		{BBE0CE01-D5C1-436F-9C0C-6BC611D475C0}.Release|x86.ActiveCfg = Release|Win32
		{BBE0CE01-D5C1-436F-9C0C-6BC611D475C0}.Release|x86.Build.0 = Release|Win32
		{C48BAFA3-4707-4541-9135-614FB9AD4B84}.Debug|x64.ActiveCfg = Debug|x64
		{C48BAFA3-4707-4541-9135-614FB9AD4B84}.Debug|x64.Build.0 = Debug|x64
		{C48BAFA3-4707-4541-9135-614FB9AD4B84}.Debug|x86.ActiveCfg = Debug|Win32
		{C48BAFA3-4707-4541-9135-614FB9AD4B84}.Debug|x86.Build.0 = Debug|Win32
		{C48BAFA3-4707-4541-9135-614FB9AD4B84}.Release|x64.ActiveCfg = Release|x64
		{C48BAFA3-4707-4541-9135-614FB9AD4B84}.Release|x64.Build.0 = Release|x64
		{C48BAFA3-4707-4541-9135-614FB9AD4B84}.Release|x86.ActiveCfg = Release|Win32
		{C48BAFA3-4707-4541-9135-614FB9AD4B84}.Release|x86.Build.0 = Release|Win32
		{FCD16638-6559-4E1D-B873-39FE1E3B3F9F}.Debug|x64.ActiveCfg = Debug|x64
		{FCD16638-6559-4E1D-B873-39FE1E3B3F9F}.Debug|x64.Build.0 = Debug|x64
		{FCD16638-6559-4E1D-B873-39FE1E3B3F9F}.Debug|x86.ActiveCfg = Debug|Win32
		{FCD16638-6559-4E1D-B873-39FE1E3B3F9F}.Debug|x86.Build.0 = Debug|Win32
		{FCD16638-6559-4E1D-B873-39FE1E3B3F9F}.Release|x64.ActiveCfg = Release|x64
		{FCD16638-6559-4E1D-B873-39FE1E3B3F9F}.Release|x64.Build.0 = Release|x64
		{FCD16638-6559-4E1D-B873-39FE1E3B3F9F}.Release|x86.ActiveCfg = Release|Win32
		{FCD16638-6559-4E1D-B873-39FE1E3B3F9F}.Release|x86.Build.0 = Release|Win32
		{A8118832-679A-40A0-8C55-CFBADE820705}.Debug|x64.ActiveCfg = Debug|x64
		{A8118832-679A-40A0-8C55-CFBADE820705}.Debug|x64.Build.0 = Debug|x64
		{A8118832-679A-40A0-8C55-CFBADE820705}.Debug|x86.ActiveCfg = Debug|Win32
		{A8118832-679A-40A0-8C55-CFBADE820705}.Debug|x86.Build.0 = Debug|Win32
		{A8118832-679A-40A0-8C55-CFBADE820705}.Release|x64.ActiveCfg = Release|x64
		{A8118832-679A-40A0-8C55-CFBADE820705}.Release|x64.Build.0 = Release|x64
		{A8118832-679A-40A0-8C55-CFBADE820705}.Release|x86.ActiveCfg = Release|Win32
		{A8118832-679A-40A0-8C55-CFBADE820705}.Release|x86.Build.0 = Release|Win32
		{4E82998E-DC80-4210-95AD-D1FC6F1DCF48}.Debug|x64.ActiveCfg = Debug|x64
		{4E82998E-DC80-4210-95AD-D1FC6F1DCF48}.Debug|x64.Build.0 = Debug|x64
		{4E82998E-DC80-4210-95AD-D1FC6F1DCF48}.Debug|x86.ActiveCfg = Debug|Win32
		{4E82998E-DC80-4210-95AD-D1FC6F1DCF48}.Debug|x86.Build.0 = Debug|Win32
		{4E82998E-DC80-4210-95AD-D1FC6F1DCF48}.Release|x64.ActiveCfg = Release|x64
		{4E82998E-DC80-4210-95AD-D1FC6F1DCF48}.Release|x64.Build.0 = Release|x64
		{4E82998E-DC80-4210-95AD-D1FC6F1DCF48}.Release|x86.ActiveCfg = Release|Win32
		{4E82998E-DC80-4210-95AD-D1FC6F1DCF48}.Release|x86.Build.0 = Release|Win32
		{61CBC30D-5E91-4E61-9FD7-B44A794EFC86}.Debug|x64.ActiveCfg = Debug|x64
		{61CBC30D-5E91-4E61-9FD7-B44A794EFC86}.Debug|x64.Build.0 = Debug|x64
		{61CBC30D-5E91-4E61-9FD7-B44A794EFC86}.Debug|x86.ActiveCfg = Debug|Win32
		{61CBC30D-5E91-4E61-9FD7-B44A794EFC86}.Debug|x86.Build.0 = Debug|Win32
		{61CBC30D-5E91-4E61-9FD7-B44A794EFC86}.Release|x64.ActiveCfg = Release|x64
		{61CBC30D-5E91-4E61-9FD7-B44A794EFC86}.Release|x64.Build.0 = Release|x64
		{61CBC30D-5E91-4E61-9FD7-B44A794EFC86}.Release|x86.ActiveCfg = Release|Win32
		{61CBC30D-5E91-4E61-9FD7-B44A794EFC86}.Release|x86.Build.0 = Release|Win32
		{76A889D9-B6BE-45AF-B1DC-4823DA12ABCB}.Debug|x64.ActiveCfg = Debug|x64
		{76A889D9-B6BE-45AF-B1DC-4823DA12ABCB}.Debug|x64.Build.0 = Debug|x64
		{76A889D9-B6BE-45AF-B1DC-4823DA12ABCB}.Debug|x86.ActiveCfg = Debug|Win32
		{76A889D9-B6BE-45AF-B1DC-4823DA12ABCB}.Debug|x86.Build.0 = Debug|Win32
		{76A889D9-B6BE-45AF-B1DC-4823DA12ABCB}.Release|x64.ActiveCfg = Release|x64
		{76A889D9-B6BE-45AF-B1DC-4823DA12ABCB}.Release|x64.Build.0 = Release|x64
		{76A889D9-B6BE-45AF-B1DC-4823DA12ABCB}.Release|x86.ActiveCfg = Release|Win32
		{76A889D9-B6BE-45AF-B1DC-4823DA12ABCB}.Release|x86.Build.0 = Release|Win32
		{9AEBDE62-160C-4610-897D-C15B34981530}.Debug|x64.ActiveCfg = Debug|x64
		{9AEBDE62-160C-4610-897D-C15B34981530}.Debug|x64.Build.0 = Debug|x64
		{9AEBDE62-160C-4610-897D-C15B34981530}.Debug|x86.ActiveCfg = Debug|Win32
		{9AEBDE62-160C-4610-897D-C15B34981530}.Debug|x86.Build.0 = Debug|Win32
		{9AEBDE62-160C-4610-897D-C15B34981530}.Release|x64.ActiveCfg = Release|x64
		{9AEBDE62-160C-4610-897D-C15B34981530}.Release|x64.Build.0 = Release|x64
		{9AEBDE62-160C-4610-897D-C15B34981530}.Release|x86.ActiveCfg = Release|Win32
		{9AEBDE62-160C-4610-897D-C15B34981530}.Release|x86.Build.0 = Release|Win32
		{43C5C3CF-0C43-43F6-A1E8-315AF5EF2652}.Debug|x64.ActiveCfg = Debug|x64
		{43C5C3CF-0C43-43F6-A1E8-315AF5EF2652}.Debug|x64.Build.0 = Debug|x64
		{43C5C3CF-0C43-43F6-A1E8-315AF5EF2652}.Debug|x86.ActiveCfg = Debug|Win32
		{43C5C3CF-0C43-43F6-A1E8-315AF5EF2652}.Debug|x86.Build.0 = Debug|Win32
		{43C5C3CF-0C43-43F6-A1E8-315AF5EF2652}.Release|x64.ActiveCfg = Release|x64
		{43C5C3CF-0C43-43F6-A1E8-315AF5EF2652}.Release|x64.Build.0 = Release|x64
		{43C5C3CF-0C43-43F6-A1E8-315AF5EF2652}.Release|x86.ActiveCfg = Release|Win32
		{43C5C3CF-0C43-43F6-A1E8-315AF5EF2652}.Release|x86.Build.0 = Release|Win32
		{A1FE2C12-37AD-4F0A-8A69-7C8D84A2AD74}.Debug|x64.ActiveCfg = Debug|x64
		{A1FE2C12-37AD-4F0A-8A69-7C8D84A2AD74}.Debug|x64.Build.0 = Debug|x64
		{A1FE2C12-37AD-4F0A-8A69-7C8D84A2AD74}.Debug|x86.ActiveCfg = Debug|Win32
		{A1FE2C12-37AD-4F0A-8A69-7C8D84A2AD74}.Debug|x86.Build.0 = Debug|Win32
		{A1FE2C12-37AD-4F0A-8A69-7C8D84A2AD74}.Release|x64.ActiveCfg = Release|x64
		{A1FE2C12-37AD-4F0A-8A69-7C8D84A2AD74}.Release|x64.Build.0 = Release|x64
		{A1FE2C12-37AD-4F0A-8A69-7C8D84A2AD74}.Release|x86.ActiveCfg = Release|Win32
		{A1FE2C12-37AD-4F0A-8A69-7C8D84A2AD74}.Release|x86.Build.0 = Release|Win32
	EndGlobalSection
	GlobalSection(SolutionProperties) = preSolution
		HideSolutionNode = FALSE
	EndGlobalSection
	GlobalSection(NestedProjects) = preSolution
		{6365B027-663F-4A55-84FB-EF02CC8B4122} = {9ECB017F-13DE-4C0D-A321-B0D5D4864F10}
		{FB2BCB4D-FEFC-4FE8-BA30-87FD0753075A} = {9C5CB074-17AD-4361-8577-520CDCD9C922}
		{5D3B5D54-E0FD-48D9-AD77-A39AECD711D6} = {212080D7-8794-4E43-9CCD-E8307174CDBB}
		{E03681D8-1172-486D-9E04-36447E3E70F0} = {9C5CB074-17AD-4361-8577-520CDCD9C922}
		{B27691DF-1FDE-44DE-80FF-1573855DBDB2} = {2FE594A4-42BE-4D3B-873D-3AC25C0971A0}
		{FD11AE03-1288-4D3F-B8A6-3E41996C2155} = {2FE594A4-42BE-4D3B-873D-3AC25C0971A0}
		{11C3AE06-AB5D-4208-9D7C-98E33A88A8F2} = {620B1B61-0BD3-462F-98CE-206F9F81460E}
		{9ECB017F-13DE-4C0D-A321-B0D5D4864F10} = {9250BB35-1A8D-413A-8C28-187D106D80F4}
		{212080D7-8794-4E43-9CCD-E8307174CDBB} = {9250BB35-1A8D-413A-8C28-187D106D80F4}
		{2FE594A4-42BE-4D3B-873D-3AC25C0971A0} = {9250BB35-1A8D-413A-8C28-187D106D80F4}
		{19B3784A-E783-4057-9463-CA0EF9BD45B2} = {9250BB35-1A8D-413A-8C28-187D106D80F4}
		{7A269901-BDBD-47D1-B6F8-219BF6657DAB} = {620B1B61-0BD3-462F-98CE-206F9F81460E}
		{A1867B58-C3C5-4DED-8666-78443D2F9812} = {AD6C9A7E-7C25-427C-A475-09CEDE1D1774}
		{BBE0CE01-D5C1-436F-9C0C-6BC611D475C0} = {A1867B58-C3C5-4DED-8666-78443D2F9812}
		{C48BAFA3-4707-4541-9135-614FB9AD4B84} = {A1867B58-C3C5-4DED-8666-78443D2F9812}
		{FCD16638-6559-4E1D-B873-39FE1E3B3F9F} = {9FCDC85A-DB25-42C8-8451-4A068D631286}
		{A8118832-679A-40A0-8C55-CFBADE820705} = {9FCDC85A-DB25-42C8-8451-4A068D631286}
		{4E82998E-DC80-4210-95AD-D1FC6F1DCF48} = {9FCDC85A-DB25-42C8-8451-4A068D631286}
		{61CBC30D-5E91-4E61-9FD7-B44A794EFC86} = {9FCDC85A-DB25-42C8-8451-4A068D631286}
		{9C5CB074-17AD-4361-8577-520CDCD9C922} = {212080D7-8794-4E43-9CCD-E8307174CDBB}
		{620B1B61-0BD3-462F-98CE-206F9F81460E} = {2FE594A4-42BE-4D3B-873D-3AC25C0971A0}
		{9FCDC85A-DB25-42C8-8451-4A068D631286} = {19B3784A-E783-4057-9463-CA0EF9BD45B2}
		{76A889D9-B6BE-45AF-B1DC-4823DA12ABCB} = {9FCDC85A-DB25-42C8-8451-4A068D631286}
		{9AEBDE62-160C-4610-897D-C15B34981530} = {9FCDC85A-DB25-42C8-8451-4A068D631286}
		{43C5C3CF-0C43-43F6-A1E8-315AF5EF2652} = {A1867B58-C3C5-4DED-8666-78443D2F9812}
		{A1FE2C12-37AD-4F0A-8A69-7C8D84A2AD74} = {9FCDC85A-DB25-42C8-8451-4A068D631286}
	EndGlobalSection
	GlobalSection(ExtensibilityGlobals) = postSolution
		SolutionGuid = {681DF7BC-DB8D-4196-9C01-E85DBB226324}
	EndGlobalSection
EndGlobal
