
Microsoft Visual Studio Solution File, Format Version 12.00
# Visual Studio 15
VisualStudioVersion = 15.0.27428.2037
MinimumVisualStudioVersion = 10.0.40219.1
Project("{8BC9CEB8-8B4A-11D0-8D11-00A0C91BC942}") = "0.0", "0.0\0.0.vcxproj", "{6365B027-663F-4A55-84FB-EF02CC8B4122}"
EndProject
Project("{8BC9CEB8-8B4A-11D0-8D11-00A0C91BC942}") = "0.1", "0.1\0.1.vcxproj", "{FB2BCB4D-FEFC-4FE8-BA30-87FD0753075A}"
EndProject
Project("{8BC9CEB8-8B4A-11D0-8D11-00A0C91BC942}") = "1.36", "1.36\1.36.vcxproj", "{5D3B5D54-E0FD-48D9-AD77-A39AECD711D6}"
EndProject
Project("{2150E333-8FDC-42A3-9474-1A3956D46DE8}") = "Data Structures", "Data Structures", "{AD6C9A7E-7C25-427C-A475-09CEDE1D1774}"
	ProjectSection(SolutionItems) = preProject
		Data Structures\BinarySearchTree.h = Data Structures\BinarySearchTree.h
	EndProjectSection
EndProject
Project("{2150E333-8FDC-42A3-9474-1A3956D46DE8}") = "Algorithms", "Algorithms", "{9250BB35-1A8D-413A-8C28-187D106D80F4}"
EndProject
Project("{8BC9CEB8-8B4A-11D0-8D11-00A0C91BC942}") = "0.2", "0.2\0.2.vcxproj", "{E03681D8-1172-486D-9E04-36447E3E70F0}"
EndProject
Project("{8BC9CEB8-8B4A-11D0-8D11-00A0C91BC942}") = "Randomizer", "Randomizer\Randomizer.vcxproj", "{8735E5F2-A132-4A16-A036-B05FC6076F84}"
EndProject
Project("{8BC9CEB8-8B4A-11D0-8D11-00A0C91BC942}") = "2.12 (Binary sequences)", "2.12 (Binary sequences)\2.12 (Binary sequences).vcxproj", "{B27691DF-1FDE-44DE-80FF-1573855DBDB2}"
EndProject
Project("{8BC9CEB8-8B4A-11D0-8D11-00A0C91BC942}") = "2.13. (Hanoi-like)", "2.13. (Hanoi-like)\2.13. (Hanoi-like).vcxproj", "{FD11AE03-1288-4D3F-B8A6-3E41996C2155}"
EndProject
Project("{8BC9CEB8-8B4A-11D0-8D11-00A0C91BC942}") = "2.69", "2.69\2.69.vcxproj", "{11C3AE06-AB5D-4208-9D7C-98E33A88A8F2}"
EndProject
Project("{2150E333-8FDC-42A3-9474-1A3956D46DE8}") = "General", "General", "{9ECB017F-13DE-4C0D-A321-B0D5D4864F10}"
EndProject
Project("{2150E333-8FDC-42A3-9474-1A3956D46DE8}") = "BST", "BST", "{212080D7-8794-4E43-9CCD-E8307174CDBB}"
EndProject
Project("{2150E333-8FDC-42A3-9474-1A3956D46DE8}") = "Recurrent", "Recurrent", "{2FE594A4-42BE-4D3B-873D-3AC25C0971A0}"
EndProject
Project("{2150E333-8FDC-42A3-9474-1A3956D46DE8}") = "Graph", "Graph", "{19B3784A-E783-4057-9463-CA0EF9BD45B2}"
EndProject
Global
	GlobalSection(SolutionConfigurationPlatforms) = preSolution
		Debug|x64 = Debug|x64
		Debug|x86 = Debug|x86
		Release|x64 = Release|x64
		Release|x86 = Release|x86
	EndGlobalSection
	GlobalSection(ProjectConfigurationPlatforms) = postSolution
		{6365B027-663F-4A55-84FB-EF02CC8B4122}.Debug|x64.ActiveCfg = Debug|x64
		{6365B027-663F-4A55-84FB-EF02CC8B4122}.Debug|x64.Build.0 = Debug|x64
		{6365B027-663F-4A55-84FB-EF02CC8B4122}.Debug|x86.ActiveCfg = Debug|x64
		{6365B027-663F-4A55-84FB-EF02CC8B4122}.Debug|x86.Build.0 = Debug|x64
		{6365B027-663F-4A55-84FB-EF02CC8B4122}.Release|x64.ActiveCfg = Release|x64
		{6365B027-663F-4A55-84FB-EF02CC8B4122}.Release|x64.Build.0 = Release|x64
		{6365B027-663F-4A55-84FB-EF02CC8B4122}.Release|x86.ActiveCfg = Release|Win32
		{6365B027-663F-4A55-84FB-EF02CC8B4122}.Release|x86.Build.0 = Release|Win32
		{FB2BCB4D-FEFC-4FE8-BA30-87FD0753075A}.Debug|x64.ActiveCfg = Debug|x64
		{FB2BCB4D-FEFC-4FE8-BA30-87FD0753075A}.Debug|x64.Build.0 = Debug|x64
		{FB2BCB4D-FEFC-4FE8-BA30-87FD0753075A}.Debug|x86.ActiveCfg = Debug|x64
		{FB2BCB4D-FEFC-4FE8-BA30-87FD0753075A}.Debug|x86.Build.0 = Debug|x64
		{FB2BCB4D-FEFC-4FE8-BA30-87FD0753075A}.Release|x64.ActiveCfg = Release|x64
		{FB2BCB4D-FEFC-4FE8-BA30-87FD0753075A}.Release|x64.Build.0 = Release|x64
		{FB2BCB4D-FEFC-4FE8-BA30-87FD0753075A}.Release|x86.ActiveCfg = Release|Win32
		{FB2BCB4D-FEFC-4FE8-BA30-87FD0753075A}.Release|x86.Build.0 = Release|Win32
		{5D3B5D54-E0FD-48D9-AD77-A39AECD711D6}.Debug|x64.ActiveCfg = Debug|x64
		{5D3B5D54-E0FD-48D9-AD77-A39AECD711D6}.Debug|x64.Build.0 = Debug|x64
		{5D3B5D54-E0FD-48D9-AD77-A39AECD711D6}.Debug|x86.ActiveCfg = Debug|x64
		{5D3B5D54-E0FD-48D9-AD77-A39AECD711D6}.Debug|x86.Build.0 = Debug|x64
		{5D3B5D54-E0FD-48D9-AD77-A39AECD711D6}.Release|x64.ActiveCfg = Release|x64
		{5D3B5D54-E0FD-48D9-AD77-A39AECD711D6}.Release|x64.Build.0 = Release|x64
		{5D3B5D54-E0FD-48D9-AD77-A39AECD711D6}.Release|x86.ActiveCfg = Release|Win32
		{5D3B5D54-E0FD-48D9-AD77-A39AECD711D6}.Release|x86.Build.0 = Release|Win32
		{E03681D8-1172-486D-9E04-36447E3E70F0}.Debug|x64.ActiveCfg = Debug|x64
		{E03681D8-1172-486D-9E04-36447E3E70F0}.Debug|x64.Build.0 = Debug|x64
		{E03681D8-1172-486D-9E04-36447E3E70F0}.Debug|x86.ActiveCfg = Debug|Win32
		{E03681D8-1172-486D-9E04-36447E3E70F0}.Debug|x86.Build.0 = Debug|Win32
		{E03681D8-1172-486D-9E04-36447E3E70F0}.Release|x64.ActiveCfg = Release|x64
		{E03681D8-1172-486D-9E04-36447E3E70F0}.Release|x64.Build.0 = Release|x64
		{E03681D8-1172-486D-9E04-36447E3E70F0}.Release|x86.ActiveCfg = Release|Win32
		{E03681D8-1172-486D-9E04-36447E3E70F0}.Release|x86.Build.0 = Release|Win32
		{8735E5F2-A132-4A16-A036-B05FC6076F84}.Debug|x64.ActiveCfg = Debug|x64
		{8735E5F2-A132-4A16-A036-B05FC6076F84}.Debug|x64.Build.0 = Debug|x64
		{8735E5F2-A132-4A16-A036-B05FC6076F84}.Debug|x86.ActiveCfg = Debug|Win32
		{8735E5F2-A132-4A16-A036-B05FC6076F84}.Debug|x86.Build.0 = Debug|Win32
		{8735E5F2-A132-4A16-A036-B05FC6076F84}.Release|x64.ActiveCfg = Release|x64
		{8735E5F2-A132-4A16-A036-B05FC6076F84}.Release|x64.Build.0 = Release|x64
		{8735E5F2-A132-4A16-A036-B05FC6076F84}.Release|x86.ActiveCfg = Release|Win32
		{8735E5F2-A132-4A16-A036-B05FC6076F84}.Release|x86.Build.0 = Release|Win32
		{B27691DF-1FDE-44DE-80FF-1573855DBDB2}.Debug|x64.ActiveCfg = Debug|x64
		{B27691DF-1FDE-44DE-80FF-1573855DBDB2}.Debug|x64.Build.0 = Debug|x64
		{B27691DF-1FDE-44DE-80FF-1573855DBDB2}.Debug|x86.ActiveCfg = Debug|Win32
		{B27691DF-1FDE-44DE-80FF-1573855DBDB2}.Debug|x86.Build.0 = Debug|Win32
		{B27691DF-1FDE-44DE-80FF-1573855DBDB2}.Release|x64.ActiveCfg = Release|x64
		{B27691DF-1FDE-44DE-80FF-1573855DBDB2}.Release|x64.Build.0 = Release|x64
		{B27691DF-1FDE-44DE-80FF-1573855DBDB2}.Release|x86.ActiveCfg = Release|Win32
		{B27691DF-1FDE-44DE-80FF-1573855DBDB2}.Release|x86.Build.0 = Release|Win32
		{FD11AE03-1288-4D3F-B8A6-3E41996C2155}.Debug|x64.ActiveCfg = Debug|x64
		{FD11AE03-1288-4D3F-B8A6-3E41996C2155}.Debug|x64.Build.0 = Debug|x64
		{FD11AE03-1288-4D3F-B8A6-3E41996C2155}.Debug|x86.ActiveCfg = Debug|Win32
		{FD11AE03-1288-4D3F-B8A6-3E41996C2155}.Debug|x86.Build.0 = Debug|Win32
		{FD11AE03-1288-4D3F-B8A6-3E41996C2155}.Release|x64.ActiveCfg = Release|x64
		{FD11AE03-1288-4D3F-B8A6-3E41996C2155}.Release|x64.Build.0 = Release|x64
		{FD11AE03-1288-4D3F-B8A6-3E41996C2155}.Release|x86.ActiveCfg = Release|Win32
		{FD11AE03-1288-4D3F-B8A6-3E41996C2155}.Release|x86.Build.0 = Release|Win32
		{11C3AE06-AB5D-4208-9D7C-98E33A88A8F2}.Debug|x64.ActiveCfg = Debug|x64
		{11C3AE06-AB5D-4208-9D7C-98E33A88A8F2}.Debug|x64.Build.0 = Debug|x64
		{11C3AE06-AB5D-4208-9D7C-98E33A88A8F2}.Debug|x86.ActiveCfg = Debug|Win32
		{11C3AE06-AB5D-4208-9D7C-98E33A88A8F2}.Debug|x86.Build.0 = Debug|Win32
		{11C3AE06-AB5D-4208-9D7C-98E33A88A8F2}.Release|x64.ActiveCfg = Release|x64
		{11C3AE06-AB5D-4208-9D7C-98E33A88A8F2}.Release|x64.Build.0 = Release|x64
		{11C3AE06-AB5D-4208-9D7C-98E33A88A8F2}.Release|x86.ActiveCfg = Release|Win32
		{11C3AE06-AB5D-4208-9D7C-98E33A88A8F2}.Release|x86.Build.0 = Release|Win32
	EndGlobalSection
	GlobalSection(SolutionProperties) = preSolution
		HideSolutionNode = FALSE
	EndGlobalSection
	GlobalSection(NestedProjects) = preSolution
		{6365B027-663F-4A55-84FB-EF02CC8B4122} = {9ECB017F-13DE-4C0D-A321-B0D5D4864F10}
		{FB2BCB4D-FEFC-4FE8-BA30-87FD0753075A} = {9ECB017F-13DE-4C0D-A321-B0D5D4864F10}
		{5D3B5D54-E0FD-48D9-AD77-A39AECD711D6} = {212080D7-8794-4E43-9CCD-E8307174CDBB}
		{E03681D8-1172-486D-9E04-36447E3E70F0} = {9ECB017F-13DE-4C0D-A321-B0D5D4864F10}
		{B27691DF-1FDE-44DE-80FF-1573855DBDB2} = {2FE594A4-42BE-4D3B-873D-3AC25C0971A0}
		{FD11AE03-1288-4D3F-B8A6-3E41996C2155} = {2FE594A4-42BE-4D3B-873D-3AC25C0971A0}
		{11C3AE06-AB5D-4208-9D7C-98E33A88A8F2} = {9ECB017F-13DE-4C0D-A321-B0D5D4864F10}
		{9ECB017F-13DE-4C0D-A321-B0D5D4864F10} = {9250BB35-1A8D-413A-8C28-187D106D80F4}
		{212080D7-8794-4E43-9CCD-E8307174CDBB} = {9250BB35-1A8D-413A-8C28-187D106D80F4}
		{2FE594A4-42BE-4D3B-873D-3AC25C0971A0} = {9250BB35-1A8D-413A-8C28-187D106D80F4}
		{19B3784A-E783-4057-9463-CA0EF9BD45B2} = {9250BB35-1A8D-413A-8C28-187D106D80F4}
	EndGlobalSection
	GlobalSection(ExtensibilityGlobals) = postSolution
		SolutionGuid = {681DF7BC-DB8D-4196-9C01-E85DBB226324}
	EndGlobalSection
EndGlobal
